
Microsoft Visual Studio Solution File, Format Version 12.00
# Visual Studio Version 16
VisualStudioVersion = 16.0.31129.286
MinimumVisualStudioVersion = 10.0.40219.1
Project("{FAE04EC0-301F-11D3-BF4B-00C04F79EFBC}") = "IdentitySeparate", "IdentitySeparate\IdentitySeparate.csproj", "{88675EB8-FF31-4D41-80E1-F2C94B7AE8AB}"
EndProject
Project("{FAE04EC0-301F-11D3-BF4B-00C04F79EFBC}") = "IdentitySeparate.Domain", "IdentitySeparate.Domain\IdentitySeparate.Domain.csproj", "{E8A7B4D1-1456-4ADE-AD83-A91F2B263A4A}"
EndProject
Project("{FAE04EC0-301F-11D3-BF4B-00C04F79EFBC}") = "IdentitySeparate.Data.EntityFramework", "IdentitySeparate.Data.EntityFramework\IdentitySeparate.Data.EntityFramework.csproj", "{C479CD93-9629-40B9-9898-90374E1872EF}"
EndProject
Global
	GlobalSection(SolutionConfigurationPlatforms) = preSolution
		Debug|Any CPU = Debug|Any CPU
		Release|Any CPU = Release|Any CPU
	EndGlobalSection
	GlobalSection(ProjectConfigurationPlatforms) = postSolution
		{88675EB8-FF31-4D41-80E1-F2C94B7AE8AB}.Debug|Any CPU.ActiveCfg = Debug|Any CPU
		{88675EB8-FF31-4D41-80E1-F2C94B7AE8AB}.Debug|Any CPU.Build.0 = Debug|Any CPU
		{88675EB8-FF31-4D41-80E1-F2C94B7AE8AB}.Release|Any CPU.ActiveCfg = Release|Any CPU
		{88675EB8-FF31-4D41-80E1-F2C94B7AE8AB}.Release|Any CPU.Build.0 = Release|Any CPU
		{E8A7B4D1-1456-4ADE-AD83-A91F2B263A4A}.Debug|Any CPU.ActiveCfg = Debug|Any CPU
		{E8A7B4D1-1456-4ADE-AD83-A91F2B263A4A}.Debug|Any CPU.Build.0 = Debug|Any CPU
		{E8A7B4D1-1456-4ADE-AD83-A91F2B263A4A}.Release|Any CPU.ActiveCfg = Release|Any CPU
		{E8A7B4D1-1456-4ADE-AD83-A91F2B263A4A}.Release|Any CPU.Build.0 = Release|Any CPU
		{C479CD93-9629-40B9-9898-90374E1872EF}.Debug|Any CPU.ActiveCfg = Debug|Any CPU
		{C479CD93-9629-40B9-9898-90374E1872EF}.Debug|Any CPU.Build.0 = Debug|Any CPU
		{C479CD93-9629-40B9-9898-90374E1872EF}.Release|Any CPU.ActiveCfg = Release|Any CPU
		{C479CD93-9629-40B9-9898-90374E1872EF}.Release|Any CPU.Build.0 = Release|Any CPU
	EndGlobalSection
	GlobalSection(SolutionProperties) = preSolution
		HideSolutionNode = FALSE
	EndGlobalSection
	GlobalSection(ExtensibilityGlobals) = postSolution
		SolutionGuid = {A543DF44-91CA-4263-B6BC-8C5BA9968675}
	EndGlobalSection
EndGlobal
